
Microsoft Visual Studio Solution File, Format Version 12.00
# Visual Studio 15
VisualStudioVersion = 15.0.28307.1062
MinimumVisualStudioVersion = 10.0.40219.1
Project("{8BC9CEB8-8B4A-11D0-8D11-00A0C91BC942}") = "SnowEngine", "SnowEngine.vcxproj", "{96FBFEF5-4D6F-455C-94EE-FFAC4788C918}"
EndProject
Project("{8BC9CEB8-8B4A-11D0-8D11-00A0C91BC942}") = "TestGame", "..\TestGame\TestGame.vcxproj", "{E2509244-1A42-4B6F-8B32-C1B058AAFF42}"
EndProject
Project("{8BC9CEB8-8B4A-11D0-8D11-00A0C91BC942}") = "CreateProject", "..\CreateProject\CreateProject.vcxproj", "{F16BE199-485B-40B1-A9B1-CC47D1872753}"
EndProject
Global
	GlobalSection(SolutionConfigurationPlatforms) = preSolution
		Debug|x64 = Debug|x64
		Debug|x86 = Debug|x86
		Release|x64 = Release|x64
		Release|x86 = Release|x86
	EndGlobalSection
	GlobalSection(ProjectConfigurationPlatforms) = postSolution
		{96FBFEF5-4D6F-455C-94EE-FFAC4788C918}.Debug|x64.ActiveCfg = Debug|x64
		{96FBFEF5-4D6F-455C-94EE-FFAC4788C918}.Debug|x64.Build.0 = Debug|x64
		{96FBFEF5-4D6F-455C-94EE-FFAC4788C918}.Debug|x86.ActiveCfg = Debug|Win32
		{96FBFEF5-4D6F-455C-94EE-FFAC4788C918}.Debug|x86.Build.0 = Debug|Win32
		{96FBFEF5-4D6F-455C-94EE-FFAC4788C918}.Release|x64.ActiveCfg = Release|x64
		{96FBFEF5-4D6F-455C-94EE-FFAC4788C918}.Release|x64.Build.0 = Release|x64
		{96FBFEF5-4D6F-455C-94EE-FFAC4788C918}.Release|x86.ActiveCfg = Release|Win32
		{96FBFEF5-4D6F-455C-94EE-FFAC4788C918}.Release|x86.Build.0 = Release|Win32
		{E2509244-1A42-4B6F-8B32-C1B058AAFF42}.Debug|x64.ActiveCfg = Debug|x64
		{E2509244-1A42-4B6F-8B32-C1B058AAFF42}.Debug|x64.Build.0 = Debug|x64
		{E2509244-1A42-4B6F-8B32-C1B058AAFF42}.Debug|x86.ActiveCfg = Debug|Win32
		{E2509244-1A42-4B6F-8B32-C1B058AAFF42}.Debug|x86.Build.0 = Debug|Win32
		{E2509244-1A42-4B6F-8B32-C1B058AAFF42}.Release|x64.ActiveCfg = Release|x64
		{E2509244-1A42-4B6F-8B32-C1B058AAFF42}.Release|x64.Build.0 = Release|x64
		{E2509244-1A42-4B6F-8B32-C1B058AAFF42}.Release|x86.ActiveCfg = Release|Win32
		{E2509244-1A42-4B6F-8B32-C1B058AAFF42}.Release|x86.Build.0 = Release|Win32
		{F16BE199-485B-40B1-A9B1-CC47D1872753}.Debug|x64.ActiveCfg = Debug|x64
		{F16BE199-485B-40B1-A9B1-CC47D1872753}.Debug|x64.Build.0 = Debug|x64
		{F16BE199-485B-40B1-A9B1-CC47D1872753}.Debug|x86.ActiveCfg = Debug|Win32
		{F16BE199-485B-40B1-A9B1-CC47D1872753}.Debug|x86.Build.0 = Debug|Win32
		{F16BE199-485B-40B1-A9B1-CC47D1872753}.Release|x64.ActiveCfg = Release|x64
		{F16BE199-485B-40B1-A9B1-CC47D1872753}.Release|x64.Build.0 = Release|x64
		{F16BE199-485B-40B1-A9B1-CC47D1872753}.Release|x86.ActiveCfg = Release|Win32
		{F16BE199-485B-40B1-A9B1-CC47D1872753}.Release|x86.Build.0 = Release|Win32
	EndGlobalSection
	GlobalSection(SolutionProperties) = preSolution
		HideSolutionNode = FALSE
	EndGlobalSection
	GlobalSection(ExtensibilityGlobals) = postSolution
		SolutionGuid = {210836F4-139C-42A1-9F03-708915974C96}
	EndGlobalSection
EndGlobal
