<?xml version="1.0" encoding="utf-8"?>
<Project ToolsVersion="4.0" xmlns="http://schemas.microsoft.com/developer/msbuild/2003">
  <ItemGroup>
    <Filter Include="Source Files">
      <UniqueIdentifier>{4FC737F1-C7A5-4376-A066-2A32D752A2FF}</UniqueIdentifier>
      <Extensions>cpp;c;cc;cxx;def;odl;idl;hpj;bat;asm;asmx</Extensions>
    </Filter>
    <Filter Include="Resource Files">
      <UniqueIdentifier>{67DA6AB6-F800-4c08-8B7A-83BB121AAD01}</UniqueIdentifier>
      <Extensions>rc;ico;cur;bmp;dlg;rc2;rct;bin;rgs;gif;jpg;jpeg;jpe;resx;tiff;tif;png;wav;mfcribbon-ms</Extensions>
    </Filter>
    <Filter Include="Source Files\Window">
      <UniqueIdentifier>{32c7e2df-a15d-4ea4-a19c-03300d6dc0bd}</UniqueIdentifier>
    </Filter>
    <Filter Include="Source Files\Types">
      <UniqueIdentifier>{cce0d441-d984-4c1f-a9ba-686516f62470}</UniqueIdentifier>
    </Filter>
    <Filter Include="Source Files\Types\List">
      <UniqueIdentifier>{7270ff49-c1de-4857-9c77-082f90ae631f}</UniqueIdentifier>
    </Filter>
    <Filter Include="Source Files\Layer">
      <UniqueIdentifier>{18ee5dc5-ecf4-45fc-ac60-bcbd130798a4}</UniqueIdentifier>
    </Filter>
    <Filter Include="Source Files\Layer\Level">
      <UniqueIdentifier>{854b19e0-0fd5-4f40-bae0-49793a1fae28}</UniqueIdentifier>
    </Filter>
    <Filter Include="Source Files\Layer\Gui">
      <UniqueIdentifier>{ce11cae4-bc06-47e6-927b-02e3bca01c79}</UniqueIdentifier>
    </Filter>
    <Filter Include="Source Files\Actor">
      <UniqueIdentifier>{da53aaf1-ff63-4a97-bbcb-1bc7364527cc}</UniqueIdentifier>
    </Filter>
    <Filter Include="Source Files\Component">
      <UniqueIdentifier>{df09b4b9-429b-48ca-a2e9-5079749850e4}</UniqueIdentifier>
    </Filter>
    <Filter Include="Source Files\Component\Audio">
      <UniqueIdentifier>{edc2b14d-0a83-4c76-8c8e-80ac055e665a}</UniqueIdentifier>
    </Filter>
    <Filter Include="Source Files\Component\Visible">
      <UniqueIdentifier>{8fae1c48-23fc-41fa-85d9-b01dd7b42847}</UniqueIdentifier>
    </Filter>
    <Filter Include="Source Files\Utilites">
      <UniqueIdentifier>{bfb3fb41-f6cd-4c8e-b3f8-ec2b7655d890}</UniqueIdentifier>
    </Filter>
    <Filter Include="Source Files\Utilites\TextureAnimation">
      <UniqueIdentifier>{2522bf2d-249d-4f5e-addb-f4b8744340a7}</UniqueIdentifier>
    </Filter>
    <Filter Include="Source Files\Component\Collision">
      <UniqueIdentifier>{5aa41f31-1996-4e40-903d-ff1639760cf1}</UniqueIdentifier>
    </Filter>
    <Filter Include="Source Files\Component\Clickable">
      <UniqueIdentifier>{1598da7f-2209-40cc-9312-7adb10f3bf5e}</UniqueIdentifier>
    </Filter>
  </ItemGroup>
  <ItemGroup>
    <ClInclude Include="src\SnowEngine.h">
      <Filter>Source Files</Filter>
    </ClInclude>
    <ClInclude Include="src\Window\Window.h">
      <Filter>Source Files\Window</Filter>
    </ClInclude>
    <ClInclude Include="src\Types\Vectors.h">
      <Filter>Source Files\Types</Filter>
    </ClInclude>
    <ClInclude Include="src\Types\List\ArrayList.h">
      <Filter>Source Files\Types\List</Filter>
    </ClInclude>
    <ClInclude Include="src\Types\List\LinkedList.h">
      <Filter>Source Files\Types\List</Filter>
    </ClInclude>
    <ClInclude Include="src\Types\List\List.h">
      <Filter>Source Files\Types\List</Filter>
    </ClInclude>
    <ClInclude Include="src\Layer\Gui\Gui.h">
      <Filter>Source Files\Layer\Gui</Filter>
    </ClInclude>
    <ClInclude Include="src\Layer\Level\Level.h">
      <Filter>Source Files\Layer\Level</Filter>
    </ClInclude>
    <ClInclude Include="src\Layer\Layer.h">
      <Filter>Source Files\Layer</Filter>
    </ClInclude>
    <ClInclude Include="src\Types\List\Comparator.h">
      <Filter>Source Files\Types\List</Filter>
    </ClInclude>
    <ClInclude Include="src\Component\Component.h">
      <Filter>Source Files\Component</Filter>
    </ClInclude>
    <ClInclude Include="src\Component\Audio\SoundComponent.h">
      <Filter>Source Files\Component\Audio</Filter>
    </ClInclude>
    <ClInclude Include="src\Component\Audio\MusicComponent.h">
      <Filter>Source Files\Component\Audio</Filter>
    </ClInclude>
    <ClInclude Include="src\Component\Visible\TextureComponent.h">
      <Filter>Source Files\Component\Visible</Filter>
    </ClInclude>
    <ClInclude Include="src\Utilites\Animation.h">
      <Filter>Source Files\Utilites</Filter>
    </ClInclude>
    <ClInclude Include="src\Types\List\CircularList.h">
      <Filter>Source Files\Types\List</Filter>
    </ClInclude>
    <ClInclude Include="src\Utilites\TextureAnimation\TextureAnimation.h">
      <Filter>Source Files\Utilites\TextureAnimation</Filter>
    </ClInclude>
    <ClInclude Include="src\Utilites\TextureAnimation\SimpleTextureAnimation.h">
      <Filter>Source Files\Utilites\TextureAnimation</Filter>
    </ClInclude>
    <ClInclude Include="src\Utilites\TextureAnimation\AdvancedTextureAnimation.h">
      <Filter>Source Files\Utilites\TextureAnimation</Filter>
    </ClInclude>
    <ClInclude Include="src\Component\Visible\AnimationComponent.h">
      <Filter>Source Files\Component\Visible</Filter>
    </ClInclude>
    <ClInclude Include="src\Component\Collision\CollisionComponent.h">
      <Filter>Source Files\Component\Collision</Filter>
    </ClInclude>
    <ClInclude Include="src\Types\List\Dictionaty.h">
      <Filter>Source Files\Types\List</Filter>
    </ClInclude>
    <ClInclude Include="src\Component\Collision\RectCollisionComponent.h">
      <Filter>Source Files\Component\Collision</Filter>
    </ClInclude>
    <ClInclude Include="src\Component\Collision\CircleCollisionComponent.h">
      <Filter>Source Files\Component\Collision</Filter>
    </ClInclude>
    <ClInclude Include="src\Window\Input.h">
      <Filter>Source Files\Window</Filter>
    </ClInclude>
    <ClInclude Include="src\Component\Clickable\ClickableComponent.h">
      <Filter>Source Files\Component\Clickable</Filter>
    </ClInclude>
    <ClInclude Include="src\Component\Visible\TextComponent.h">
      <Filter>Source Files\Component\Visible</Filter>
    </ClInclude>
    <ClInclude Include="src\Component\Visible\VisibleComponent.h">
      <Filter>Source Files\Component\Visible</Filter>
    </ClInclude>
    <ClInclude Include="src\Component\Visible\InputComponent.h">
      <Filter>Source Files\Component\Visible</Filter>
    </ClInclude>
    <ClInclude Include="src\Utilites\Serializable.h">
      <Filter>Source Files\Utilites</Filter>
    </ClInclude>
    <ClInclude Include="src\Utilites\SaveLoad.h">
      <Filter>Source Files\Utilites</Filter>
    </ClInclude>
    <ClInclude Include="src\Utilites\ResourceManager.h">
      <Filter>Source Files\Utilites</Filter>
    </ClInclude>
  </ItemGroup>
  <ItemGroup>
    <ClCompile Include="src\Window\Window.cpp">
      <Filter>Source Files\Window</Filter>
    </ClCompile>
    <ClCompile Include="src\Types\Vectors.cpp">
      <Filter>Source Files\Types</Filter>
    </ClCompile>
    <ClCompile Include="src\Layer\Gui\Gui.cpp">
      <Filter>Source Files\Layer\Gui</Filter>
    </ClCompile>
    <ClCompile Include="src\Layer\Level\Level.cpp">
      <Filter>Source Files\Layer\Level</Filter>
    </ClCompile>
    <ClCompile Include="src\Actor\Actor.h">
      <Filter>Source Files\Actor</Filter>
    </ClCompile>
    <ClCompile Include="src\Actor\Actor.cpp">
      <Filter>Source Files\Actor</Filter>
    </ClCompile>
    <ClCompile Include="src\Component\Component.cpp">
      <Filter>Source Files\Component</Filter>
    </ClCompile>
    <ClCompile Include="src\Layer\Layer.cpp">
      <Filter>Source Files\Layer</Filter>
    </ClCompile>
    <ClCompile Include="src\Component\Audio\SoundComponent.cpp">
      <Filter>Source Files\Component\Audio</Filter>
    </ClCompile>
    <ClCompile Include="src\Component\Audio\MusicComponent.cpp">
      <Filter>Source Files\Component\Audio</Filter>
    </ClCompile>
    <ClCompile Include="src\Component\Visible\TextureComponent.cpp">
      <Filter>Source Files\Component\Visible</Filter>
    </ClCompile>
    <ClCompile Include="src\Utilites\TextureAnimation\SimpleTextureAnimation.cpp">
      <Filter>Source Files\Utilites\TextureAnimation</Filter>
    </ClCompile>
    <ClCompile Include="src\Utilites\TextureAnimation\TextureAnimation.cpp">
      <Filter>Source Files\Utilites\TextureAnimation</Filter>
    </ClCompile>
    <ClCompile Include="src\Utilites\TextureAnimation\AdvancedTextureAnimation.cpp">
      <Filter>Source Files\Utilites\TextureAnimation</Filter>
    </ClCompile>
    <ClCompile Include="src\Component\Visible\AnimationComponent.cpp">
      <Filter>Source Files\Component\Visible</Filter>
    </ClCompile>
    <ClCompile Include="src\Component\Collision\CollisionComponent.cpp">
      <Filter>Source Files\Component\Collision</Filter>
    </ClCompile>
    <ClCompile Include="src\Component\Collision\RectCollisionComponent.cpp">
      <Filter>Source Files\Component\Collision</Filter>
    </ClCompile>
    <ClCompile Include="src\Component\Collision\CircleCollisionComponent.cpp">
      <Filter>Source Files\Component\Collision</Filter>
    </ClCompile>
    <ClCompile Include="src\Component\Clickable\ClickableComponent.cpp">
      <Filter>Source Files\Component\Clickable</Filter>
    </ClCompile>
    <ClCompile Include="src\Component\Visible\TextComponent.cpp">
      <Filter>Source Files\Component\Visible</Filter>
    </ClCompile>
    <ClCompile Include="src\Component\Visible\VisibleComponent.cpp">
      <Filter>Source Files\Component\Visible</Filter>
    </ClCompile>
    <ClCompile Include="src\Component\Visible\InputComponent.cpp">
      <Filter>Source Files\Component\Visible</Filter>
    </ClCompile>
    <ClCompile Include="src\Utilites\SaveLoad.cpp">
      <Filter>Source Files\Utilites</Filter>
    </ClCompile>
    <ClCompile Include="src\Utilites\ResourceManager.cpp">
      <Filter>Source Files\Utilites</Filter>
    </ClCompile>
  </ItemGroup>
</Project>